{
    "name": "convert-css-in-js",
    "version": "1.1.3",
    "lockfileVersion": 1,
    "requires": true,
    "dependencies": {
        "@types/node": {
            "version": "6.0.88",
            "resolved": "https://registry.npmjs.org/@types/node/-/node-6.0.88.tgz",
            "integrity": "sha512-bYDPZTX0/s1aihdjLuAgogUAT5M+TpoWChEMea2p0yOcfn5bu3k6cJb9cp6nw268XeSNIGGr+4+/8V5K6BGzLQ==",
            "dev": true
        },
        "babel-cli": {
            "version": "6.26.0",
            "resolved": "https://registry.npmjs.org/babel-cli/-/babel-cli-6.26.0.tgz",
            "integrity": "sha1-UCq1SHTX24itALiHoGODzgPQAvE=",
            "dev": true,
            "dependencies": {
                "source-map": {
                    "version": "0.5.7",
                    "resolved": "https://registry.npmjs.org/source-map/-/source-map-0.5.7.tgz",
                    "integrity": "sha1-igOdLRAh0i0eoUyA2OpGi6LvP8w="
                }
            }
        },
        "babel-core": {
            "version": "6.26.0",
            "resolved": "https://registry.npmjs.org/babel-core/-/babel-core-6.26.0.tgz",
            "integrity": "sha1-rzL3izGm/O8RnIew/Y2XU/A6C7g=",
            "dev": true,
            "dependencies": {
                "source-map": {
                    "version": "0.5.7",
                    "resolved": "https://registry.npmjs.org/source-map/-/source-map-0.5.7.tgz",
                    "integrity": "sha1-igOdLRAh0i0eoUyA2OpGi6LvP8w="
                }
            }
        },
        "babel-loader": {
            "version": "7.1.2",
            "resolved": "https://registry.npmjs.org/babel-loader/-/babel-loader-7.1.2.tgz",
            "integrity": "sha512-jRwlFbINAeyDStqK6Dd5YuY0k5YuzQUvlz2ZamuXrXmxav3pNqe9vfJ402+2G+OmlJSXxCOpB6Uz0INM7RQe2A==",
            "dev": true
        },
        "babel-preset-env": {
            "version": "1.6.0",
            "resolved": "https://registry.npmjs.org/babel-preset-env/-/babel-preset-env-1.6.0.tgz",
            "integrity": "sha512-OVgtQRuOZKckrILgMA5rvctvFZPv72Gua9Rt006AiPoB0DJKGN07UmaQA+qRrYgK71MVct8fFhT0EyNWYorVew==",
            "dev": true
        },
        "babel-preset-es2015": {
            "version": "6.24.1",
            "resolved": "https://registry.npmjs.org/babel-preset-es2015/-/babel-preset-es2015-6.24.1.tgz",
            "integrity": "sha1-1EBQ1rwsn+6nAqrzjXJ6AhBTiTk=",
            "dev": true
        },
        "css-in-js-helpers": {
            "version": "1.0.1",
            "resolved": "https://registry.npmjs.org/css-in-js-helpers/-/css-in-js-helpers-1.0.1.tgz",
            "integrity": "sha1-VTXHq/nDd3/Fy/QdeMfIAv6oLhI="
        },
        "prettier": {
            "version": "1.6.1",
            "resolved": "https://registry.npmjs.org/prettier/-/prettier-1.6.1.tgz",
            "integrity": "sha512-f85qBoQiqiFM/sCmJaN4Lagj9bqMcv38vCftqp4GfVessAqq3Ns6g+3gd8UXReStLLE/DGEdwiZXoFKxphKqwg==",
            "dev": true
        },
        "prettier-standard": {
            "version": "6.0.0",
            "resolved": "https://registry.npmjs.org/prettier-standard/-/prettier-standard-6.0.0.tgz",
            "integrity": "sha512-l8jNKP07mYHe+FQp6jw+auAJYvXyRfWbZ3AnDFqDiokGRoZxx1jmRWf7O6MrbG3eqmk+JrsMWdCSaFkja60BMg==",
            "dev": true
        },
        "react-docgen": {
            "version": "2.21.0",
            "resolved": "https://registry.npmjs.org/react-docgen/-/react-docgen-2.21.0.tgz",
            "integrity": "sha512-8xNPTrmvHLGNfqlsCYPdXmSkagP1njI5unP3t8WrjTJ4/5hHuP5nb3XH69CnF67HPV5zTkPoafcRBDGSQO6S6A==",
            "dependencies": {
                "babylon": {
                    "version": "5.8.38",
                    "resolved": "https://registry.npmjs.org/babylon/-/babylon-5.8.38.tgz",
                    "integrity": "sha1-7JsSCxG/bM1Bc6GL8hfmC3mFn/0="
                }
            }
        },
        "recast": {
            "version": "0.12.9",
            "resolved": "https://registry.npmjs.org/recast/-/recast-0.12.9.tgz",
            "integrity": "sha512-y7ANxCWmMW8xLOaiopiRDlyjQ9ajKRENBH+2wjntIbk3A6ZR1+BLQttkmSHMY7Arl+AAZFwJ10grg2T6f1WI8A=="
        },
        "request": {
            "version": "2.87.0",
            "resolved": "https://registry.npmjs.org/request/-/request-2.87.0.tgz",
            "integrity": "sha512-fcogkm7Az5bsS6Sl0sibkbhcKsnyon/jV1kF3ajGmF0c8HrttdKTPRT9hieOaQHA5HEq6r8OyWOo/o781C1tNw==",
            "dependencies": {
                "ajv": {
                    "version": "5.5.2",
                    "resolved": "https://registry.npmjs.org/ajv/-/ajv-5.5.2.tgz",
                    "integrity": "sha1-c7Xuyj+rZT49P5Qis0GtQiBdyWU="
                },
                "assert-plus": {
                    "version": "1.0.0",
                    "resolved": "https://registry.npmjs.org/assert-plus/-/assert-plus-1.0.0.tgz",
                    "integrity": "sha1-8S4PPF13sLHN2RRpQuTpbB5N1SU="
                },
                "aws-sign2": {
                    "version": "0.7.0",
                    "resolved": "https://registry.npmjs.org/aws-sign2/-/aws-sign2-0.7.0.tgz",
                    "integrity": "sha1-tG6JCTSpWR8tL2+G1+ap8bP+dqg="
                },
                "caseless": {
                    "version": "0.12.0",
                    "resolved": "https://registry.npmjs.org/caseless/-/caseless-0.12.0.tgz",
                    "integrity": "sha1-G2gcIf+EAzyCZUMJBolCDRhxUdw="
                },
                "form-data": {
                    "version": "2.3.2",
                    "resolved": "https://registry.npmjs.org/form-data/-/form-data-2.3.2.tgz",
                    "integrity": "sha1-SXBJi+YEwgwAXU9cI67NIda0kJk=",
                    "dependencies": {
                        "combined-stream": {
                            "version": "1.0.6",
                            "resolved": "https://registry.npmjs.org/combined-stream/-/combined-stream-1.0.6.tgz",
                            "integrity": "sha1-cj599ugBrFYTETp+RFqbactjKBg="
                        }
                    }
                },
                "har-schema": {
                    "version": "2.0.0",
                    "resolved": "https://registry.npmjs.org/har-schema/-/har-schema-2.0.0.tgz",
                    "integrity": "sha1-qUwiJOvKwEeCoNkDVSHyRzW37JI="
                },
                "har-validator": {
                    "version": "5.0.3",
                    "resolved": "https://registry.npmjs.org/har-validator/-/har-validator-5.0.3.tgz",
                    "integrity": "sha1-ukAsJmGU8VlW7xXg/PJCmT9qff0="
                },
                "http-signature": {
                    "version": "1.2.0",
                    "resolved": "https://registry.npmjs.org/http-signature/-/http-signature-1.2.0.tgz",
                    "integrity": "sha1-muzZJRFHcvPZW2WmCruPfBj7rOE="
                },
                "performance-now": {
                    "version": "2.1.0",
                    "resolved": "https://registry.npmjs.org/performance-now/-/performance-now-2.1.0.tgz",
                    "integrity": "sha1-Ywn04OX6kT7BxpMHrjZLSzd8nns="
                },
                "qs": {
                    "version": "6.5.2",
                    "resolved": "https://registry.npmjs.org/qs/-/qs-6.5.2.tgz",
                    "integrity": "sha512-N5ZAX4/LxJmF+7wN74pUD6qAh9/wnvdQcjq9TZjevvXzSUo7bfmw91saqMjzGS2xq91/odN2dW/WOl7qQHNDGA=="
                },
                "tough-cookie": {
                    "version": "2.3.4",
                    "resolved": "https://registry.npmjs.org/tough-cookie/-/tough-cookie-2.3.4.tgz",
                    "integrity": "sha512-TZ6TTfI5NtZnuyy/Kecv+CnoROnyXn2DN97LontgQpCwsX2XyLYCC0ENhYkehSOwAp8rTQKc/NUIF7BkQ5rKLA=="
                },
                "tunnel-agent": {
                    "version": "0.6.0",
                    "resolved": "https://registry.npmjs.org/tunnel-agent/-/tunnel-agent-0.6.0.tgz",
                    "integrity": "sha1-J6XeoGs2sEoKmWZ3SykIaPD8QP0="
                }
            }
        },
        "standard": {
            "version": "10.0.3",
            "resolved": "https://registry.npmjs.org/standard/-/standard-10.0.3.tgz",
            "integrity": "sha512-JURZ+85ExKLQULckDFijdX5WHzN6RC7fgiZNSV4jFQVo+3tPoQGHyBrGekye/yf0aOfb4210EM5qPNlc2cRh4w==",
            "dev": true
        },
        "vscode": {
            "version": "1.1.5",
            "resolved": "https://registry.npmjs.org/vscode/-/vscode-1.1.5.tgz",
            "integrity": "sha1-EOsQQAGEDD3QgTgV/UoF+PyILRQ=",
            "dev": true
        }
    }
}
